
Microsoft Visual Studio Solution File, Format Version 12.00
# Visual Studio Version 17
VisualStudioVersion = 17.9.34622.214
MinimumVisualStudioVersion = 10.0.40219.1
Project("{FAE04EC0-301F-11D3-BF4B-00C04F79EFBC}") = "Task#2", "Tesk#2\Task#2.csproj", "{3FA2B545-1F04-4BDB-9C3F-E71417108012}"
EndProject
Project("{FAE04EC0-301F-11D3-BF4B-00C04F79EFBC}") = "Task#3", "Task#3\Task#3.csproj", "{A02EC39A-FD5E-4C7F-B358-BF5DCB4C07DC}"
EndProject
Project("{FAE04EC0-301F-11D3-BF4B-00C04F79EFBC}") = "Task#5", "Task#5\Task#5.csproj", "{39593C8B-1258-447F-93E5-9E0C0A6F7C99}"
EndProject
Global
	GlobalSection(SolutionConfigurationPlatforms) = preSolution
		Debug|Any CPU = Debug|Any CPU
		Release|Any CPU = Release|Any CPU
	EndGlobalSection
	GlobalSection(ProjectConfigurationPlatforms) = postSolution
		{3FA2B545-1F04-4BDB-9C3F-E71417108012}.Debug|Any CPU.ActiveCfg = Debug|Any CPU
		{3FA2B545-1F04-4BDB-9C3F-E71417108012}.Debug|Any CPU.Build.0 = Debug|Any CPU
		{3FA2B545-1F04-4BDB-9C3F-E71417108012}.Release|Any CPU.ActiveCfg = Release|Any CPU
		{3FA2B545-1F04-4BDB-9C3F-E71417108012}.Release|Any CPU.Build.0 = Release|Any CPU
		{A02EC39A-FD5E-4C7F-B358-BF5DCB4C07DC}.Debug|Any CPU.ActiveCfg = Debug|Any CPU
		{A02EC39A-FD5E-4C7F-B358-BF5DCB4C07DC}.Debug|Any CPU.Build.0 = Debug|Any CPU
		{A02EC39A-FD5E-4C7F-B358-BF5DCB4C07DC}.Release|Any CPU.ActiveCfg = Release|Any CPU
		{A02EC39A-FD5E-4C7F-B358-BF5DCB4C07DC}.Release|Any CPU.Build.0 = Release|Any CPU
		{39593C8B-1258-447F-93E5-9E0C0A6F7C99}.Debug|Any CPU.ActiveCfg = Debug|Any CPU
		{39593C8B-1258-447F-93E5-9E0C0A6F7C99}.Debug|Any CPU.Build.0 = Debug|Any CPU
		{39593C8B-1258-447F-93E5-9E0C0A6F7C99}.Release|Any CPU.ActiveCfg = Release|Any CPU
		{39593C8B-1258-447F-93E5-9E0C0A6F7C99}.Release|Any CPU.Build.0 = Release|Any CPU
	EndGlobalSection
	GlobalSection(SolutionProperties) = preSolution
		HideSolutionNode = FALSE
	EndGlobalSection
	GlobalSection(ExtensibilityGlobals) = postSolution
		SolutionGuid = {01326502-7BCA-4F03-88E0-9C390DA37B46}
	EndGlobalSection
EndGlobal
