
Microsoft Visual Studio Solution File, Format Version 12.00
# Visual Studio Version 17
VisualStudioVersion = 17.9.34622.214
MinimumVisualStudioVersion = 10.0.40219.1
Project("{FAE04EC0-301F-11D3-BF4B-00C04F79EFBC}") = "Task1", "Task1\Task1.csproj", "{B1A9A217-66CA-4527-BB37-AC0604754B53}"
EndProject
Project("{FAE04EC0-301F-11D3-BF4B-00C04F79EFBC}") = "Task2", "Task2\Task2.csproj", "{4454611C-5BEF-4584-BD43-A04F46E11DFA}"
EndProject
Project("{FAE04EC0-301F-11D3-BF4B-00C04F79EFBC}") = "Task4", "Task4\Task4.csproj", "{D02886CC-CC3E-42FB-A9EB-99B0F36D5E97}"
EndProject
Global
	GlobalSection(SolutionConfigurationPlatforms) = preSolution
		Debug|Any CPU = Debug|Any CPU
		Release|Any CPU = Release|Any CPU
	EndGlobalSection
	GlobalSection(ProjectConfigurationPlatforms) = postSolution
		{B1A9A217-66CA-4527-BB37-AC0604754B53}.Debug|Any CPU.ActiveCfg = Debug|Any CPU
		{B1A9A217-66CA-4527-BB37-AC0604754B53}.Debug|Any CPU.Build.0 = Debug|Any CPU
		{B1A9A217-66CA-4527-BB37-AC0604754B53}.Release|Any CPU.ActiveCfg = Release|Any CPU
		{B1A9A217-66CA-4527-BB37-AC0604754B53}.Release|Any CPU.Build.0 = Release|Any CPU
		{4454611C-5BEF-4584-BD43-A04F46E11DFA}.Debug|Any CPU.ActiveCfg = Debug|Any CPU
		{4454611C-5BEF-4584-BD43-A04F46E11DFA}.Debug|Any CPU.Build.0 = Debug|Any CPU
		{4454611C-5BEF-4584-BD43-A04F46E11DFA}.Release|Any CPU.ActiveCfg = Release|Any CPU
		{4454611C-5BEF-4584-BD43-A04F46E11DFA}.Release|Any CPU.Build.0 = Release|Any CPU
		{D02886CC-CC3E-42FB-A9EB-99B0F36D5E97}.Debug|Any CPU.ActiveCfg = Debug|Any CPU
		{D02886CC-CC3E-42FB-A9EB-99B0F36D5E97}.Debug|Any CPU.Build.0 = Debug|Any CPU
		{D02886CC-CC3E-42FB-A9EB-99B0F36D5E97}.Release|Any CPU.ActiveCfg = Release|Any CPU
		{D02886CC-CC3E-42FB-A9EB-99B0F36D5E97}.Release|Any CPU.Build.0 = Release|Any CPU
	EndGlobalSection
	GlobalSection(SolutionProperties) = preSolution
		HideSolutionNode = FALSE
	EndGlobalSection
	GlobalSection(ExtensibilityGlobals) = postSolution
		SolutionGuid = {630E5787-3C21-4CAC-9663-45542B3D51DC}
	EndGlobalSection
EndGlobal
